
Microsoft Visual Studio Solution File, Format Version 12.00
# Visual Studio Version 16
VisualStudioVersion = 16.0.33328.57
MinimumVisualStudioVersion = 10.0.40219.1
Project("{FAE04EC0-301F-11D3-BF4B-00C04F79EFBC}") = "Examiner", "Examiner\Examiner.csproj", "{E52B74C8-EB61-4F63-BD09-7A3D868A903D}"
EndProject
Global
	GlobalSection(SolutionConfigurationPlatforms) = preSolution
		Debug|Any CPU = Debug|Any CPU
		Release|Any CPU = Release|Any CPU
	EndGlobalSection
	GlobalSection(ProjectConfigurationPlatforms) = postSolution
		{E52B74C8-EB61-4F63-BD09-7A3D868A903D}.Debug|Any CPU.ActiveCfg = Debug|Any CPU
		{E52B74C8-EB61-4F63-BD09-7A3D868A903D}.Debug|Any CPU.Build.0 = Debug|Any CPU
		{E52B74C8-EB61-4F63-BD09-7A3D868A903D}.Release|Any CPU.ActiveCfg = Release|Any CPU
		{E52B74C8-EB61-4F63-BD09-7A3D868A903D}.Release|Any CPU.Build.0 = Release|Any CPU
	EndGlobalSection
	GlobalSection(SolutionProperties) = preSolution
		HideSolutionNode = FALSE
	EndGlobalSection
	GlobalSection(ExtensibilityGlobals) = postSolution
		SolutionGuid = {EBDB87ED-723C-49D4-92DA-05A93BBCE173}
	EndGlobalSection
EndGlobal
